
Microsoft Visual Studio Solution File, Format Version 12.00
# Visual Studio Version 16
VisualStudioVersion = 16.0.31129.286
MinimumVisualStudioVersion = 10.0.40219.1
Project("{9A19103F-16F7-4668-BE54-9A1E7A4F7556}") = "Donguler", "Donguler\Donguler.csproj", "{269845B3-364A-4A1E-B9D9-404D4EDE4117}"
EndProject
Project("{9A19103F-16F7-4668-BE54-9A1E7A4F7556}") = "Metotlar", "Metotlar\Metotlar.csproj", "{B879C7ED-44A2-450C-AACE-ED68683EB576}"
EndProject
Project("{9A19103F-16F7-4668-BE54-9A1E7A4F7556}") = "Matematik", "Matematik\Matematik.csproj", "{B4418A50-10E9-4419-BE15-D431A7203A41}"
EndProject
Project("{9A19103F-16F7-4668-BE54-9A1E7A4F7556}") = "DegerVeReferansTıpler", "DegerVeReferansTıpler\DegerVeReferansTıpler.csproj", "{C7E07C70-8448-4861-B01A-98D45383D4E6}"
EndProject
Project("{9A19103F-16F7-4668-BE54-9A1E7A4F7556}") = "Metotlar", "Metotlar2\Metotlar.csproj", "{C7C2F3CF-0880-4F20-B0FB-2FC24480D9DB}"
EndProject
Project("{9A19103F-16F7-4668-BE54-9A1E7A4F7556}") = "OOP1", "OOP1\OOP1.csproj", "{55DDCC3C-29E3-414B-B38A-28788ACBD8A5}"
EndProject
Project("{9A19103F-16F7-4668-BE54-9A1E7A4F7556}") = "Koleksiyonlar", "Koleksiyonlar\Koleksiyonlar.csproj", "{383DEDF8-4494-46D4-B94C-4EDE24CC458A}"
EndProject
Project("{9A19103F-16F7-4668-BE54-9A1E7A4F7556}") = "GenericsIntro", "GenericsIntro\GenericsIntro.csproj", "{0C0231F2-BD5C-4E5F-8BB4-CF58C7570B4F}"
EndProject
Project("{2150E333-8FDC-42A3-9474-1A3956D46DE8}") = "Videolar", "Videolar", "{FE62DE98-A35E-42CE-9335-CEB6214A3188}"
EndProject
Project("{2150E333-8FDC-42A3-9474-1A3956D46DE8}") = "Ödevler", "Ödevler", "{FF9E9230-1BF9-45CB-AE9A-AAD5575B915B}"
EndProject
Project("{9A19103F-16F7-4668-BE54-9A1E7A4F7556}") = "OOP2", "OOP2\OOP2.csproj", "{29121038-F304-4BD6-8862-298319CA107B}"
EndProject
Project("{9A19103F-16F7-4668-BE54-9A1E7A4F7556}") = "OOP3", "OOP3\OOP3.csproj", "{B573742D-608F-4395-9F8B-528084A21E1E}"
EndProject
Project("{9A19103F-16F7-4668-BE54-9A1E7A4F7556}") = "Classes", "Classes\Classes.csproj", "{BA8C05B0-0111-4E30-8DC5-E48DA03E1BC4}"
EndProject
Project("{9A19103F-16F7-4668-BE54-9A1E7A4F7556}") = "Interfaces", "Interfaces\Interfaces.csproj", "{BC1F3093-EE73-4548-A5D6-9746D6E4D873}"
EndProject
Project("{9A19103F-16F7-4668-BE54-9A1E7A4F7556}") = "InterfacesDemo", "InterfacesDemo\InterfacesDemo.csproj", "{6700AE8F-4D55-4F2D-9E2E-0B3CF8DB5812}"
EndProject
Project("{9A19103F-16F7-4668-BE54-9A1E7A4F7556}") = "Inheritance", "Inheritance\Inheritance.csproj", "{6C6A5BC6-F80A-4DE8-B671-29F315CE4722}"
EndProject
Project("{9A19103F-16F7-4668-BE54-9A1E7A4F7556}") = "RecapDemo", "RecapDemo\RecapDemo.csproj", "{48539141-566F-4A23-B50B-8695D66754F6}"
EndProject
Project("{9A19103F-16F7-4668-BE54-9A1E7A4F7556}") = "Interfaces2", "Interfaces2\Interfaces2.csproj", "{62EF7996-71F7-441E-9729-8A1DF016CF66}"
EndProject
Project("{9A19103F-16F7-4668-BE54-9A1E7A4F7556}") = "KampIntro", "KampIntro\KampIntro.csproj", "{2C76AEFD-1587-4F3E-B799-201076C5AA65}"
EndProject
Project("{9A19103F-16F7-4668-BE54-9A1E7A4F7556}") = "ClassIntro", "ClassIntro\ClassIntro.csproj", "{A9CD1607-C481-421A-BEB6-755F495F382C}"
EndProject
Project("{9A19103F-16F7-4668-BE54-9A1E7A4F7556}") = "Gun2Odev6", "Gun2Odev6\Gun2Odev6.csproj", "{EED679AD-8ECF-4D5B-AB64-7BFAA5FD5930}"
EndProject
Project("{9A19103F-16F7-4668-BE54-9A1E7A4F7556}") = "Constructor", "Constructor\Constructor.csproj", "{02F53CA9-1D12-4880-B6C5-E31FBE7C515A}"
EndProject
Project("{9A19103F-16F7-4668-BE54-9A1E7A4F7556}") = "Generics", "Generics\Generics.csproj", "{2FC1037F-C948-4471-8E48-F71FE82175E7}"
EndProject
Project("{9A19103F-16F7-4668-BE54-9A1E7A4F7556}") = "LinqProject", "Linq\LinqProject.csproj", "{865B01EB-9094-4215-9925-F0A7A22C567E}"
EndProject
Project("{FAE04EC0-301F-11D3-BF4B-00C04F79EFBC}") = "EntityFrameworkDemo", "EntityFrameworkDemo\EntityFrameworkDemo.csproj", "{8CD32624-90E7-4630-ACA4-C98B297E03B6}"
EndProject
Global
	GlobalSection(SolutionConfigurationPlatforms) = preSolution
		Debug|Any CPU = Debug|Any CPU
		Release|Any CPU = Release|Any CPU
	EndGlobalSection
	GlobalSection(ProjectConfigurationPlatforms) = postSolution
		{269845B3-364A-4A1E-B9D9-404D4EDE4117}.Debug|Any CPU.ActiveCfg = Debug|Any CPU
		{269845B3-364A-4A1E-B9D9-404D4EDE4117}.Debug|Any CPU.Build.0 = Debug|Any CPU
		{269845B3-364A-4A1E-B9D9-404D4EDE4117}.Release|Any CPU.ActiveCfg = Release|Any CPU
		{269845B3-364A-4A1E-B9D9-404D4EDE4117}.Release|Any CPU.Build.0 = Release|Any CPU
		{B879C7ED-44A2-450C-AACE-ED68683EB576}.Debug|Any CPU.ActiveCfg = Debug|Any CPU
		{B879C7ED-44A2-450C-AACE-ED68683EB576}.Debug|Any CPU.Build.0 = Debug|Any CPU
		{B879C7ED-44A2-450C-AACE-ED68683EB576}.Release|Any CPU.ActiveCfg = Release|Any CPU
		{B879C7ED-44A2-450C-AACE-ED68683EB576}.Release|Any CPU.Build.0 = Release|Any CPU
		{B4418A50-10E9-4419-BE15-D431A7203A41}.Debug|Any CPU.ActiveCfg = Debug|Any CPU
		{B4418A50-10E9-4419-BE15-D431A7203A41}.Debug|Any CPU.Build.0 = Debug|Any CPU
		{B4418A50-10E9-4419-BE15-D431A7203A41}.Release|Any CPU.ActiveCfg = Release|Any CPU
		{B4418A50-10E9-4419-BE15-D431A7203A41}.Release|Any CPU.Build.0 = Release|Any CPU
		{C7E07C70-8448-4861-B01A-98D45383D4E6}.Debug|Any CPU.ActiveCfg = Debug|Any CPU
		{C7E07C70-8448-4861-B01A-98D45383D4E6}.Debug|Any CPU.Build.0 = Debug|Any CPU
		{C7E07C70-8448-4861-B01A-98D45383D4E6}.Release|Any CPU.ActiveCfg = Release|Any CPU
		{C7E07C70-8448-4861-B01A-98D45383D4E6}.Release|Any CPU.Build.0 = Release|Any CPU
		{C7C2F3CF-0880-4F20-B0FB-2FC24480D9DB}.Debug|Any CPU.ActiveCfg = Debug|Any CPU
		{C7C2F3CF-0880-4F20-B0FB-2FC24480D9DB}.Debug|Any CPU.Build.0 = Debug|Any CPU
		{C7C2F3CF-0880-4F20-B0FB-2FC24480D9DB}.Release|Any CPU.ActiveCfg = Release|Any CPU
		{C7C2F3CF-0880-4F20-B0FB-2FC24480D9DB}.Release|Any CPU.Build.0 = Release|Any CPU
		{55DDCC3C-29E3-414B-B38A-28788ACBD8A5}.Debug|Any CPU.ActiveCfg = Debug|Any CPU
		{55DDCC3C-29E3-414B-B38A-28788ACBD8A5}.Debug|Any CPU.Build.0 = Debug|Any CPU
		{55DDCC3C-29E3-414B-B38A-28788ACBD8A5}.Release|Any CPU.ActiveCfg = Release|Any CPU
		{55DDCC3C-29E3-414B-B38A-28788ACBD8A5}.Release|Any CPU.Build.0 = Release|Any CPU
		{383DEDF8-4494-46D4-B94C-4EDE24CC458A}.Debug|Any CPU.ActiveCfg = Debug|Any CPU
		{383DEDF8-4494-46D4-B94C-4EDE24CC458A}.Debug|Any CPU.Build.0 = Debug|Any CPU
		{383DEDF8-4494-46D4-B94C-4EDE24CC458A}.Release|Any CPU.ActiveCfg = Release|Any CPU
		{383DEDF8-4494-46D4-B94C-4EDE24CC458A}.Release|Any CPU.Build.0 = Release|Any CPU
		{0C0231F2-BD5C-4E5F-8BB4-CF58C7570B4F}.Debug|Any CPU.ActiveCfg = Debug|Any CPU
		{0C0231F2-BD5C-4E5F-8BB4-CF58C7570B4F}.Debug|Any CPU.Build.0 = Debug|Any CPU
		{0C0231F2-BD5C-4E5F-8BB4-CF58C7570B4F}.Release|Any CPU.ActiveCfg = Release|Any CPU
		{0C0231F2-BD5C-4E5F-8BB4-CF58C7570B4F}.Release|Any CPU.Build.0 = Release|Any CPU
		{29121038-F304-4BD6-8862-298319CA107B}.Debug|Any CPU.ActiveCfg = Debug|Any CPU
		{29121038-F304-4BD6-8862-298319CA107B}.Debug|Any CPU.Build.0 = Debug|Any CPU
		{29121038-F304-4BD6-8862-298319CA107B}.Release|Any CPU.ActiveCfg = Release|Any CPU
		{29121038-F304-4BD6-8862-298319CA107B}.Release|Any CPU.Build.0 = Release|Any CPU
		{B573742D-608F-4395-9F8B-528084A21E1E}.Debug|Any CPU.ActiveCfg = Debug|Any CPU
		{B573742D-608F-4395-9F8B-528084A21E1E}.Debug|Any CPU.Build.0 = Debug|Any CPU
		{B573742D-608F-4395-9F8B-528084A21E1E}.Release|Any CPU.ActiveCfg = Release|Any CPU
		{B573742D-608F-4395-9F8B-528084A21E1E}.Release|Any CPU.Build.0 = Release|Any CPU
		{BA8C05B0-0111-4E30-8DC5-E48DA03E1BC4}.Debug|Any CPU.ActiveCfg = Debug|Any CPU
		{BA8C05B0-0111-4E30-8DC5-E48DA03E1BC4}.Debug|Any CPU.Build.0 = Debug|Any CPU
		{BA8C05B0-0111-4E30-8DC5-E48DA03E1BC4}.Release|Any CPU.ActiveCfg = Release|Any CPU
		{BA8C05B0-0111-4E30-8DC5-E48DA03E1BC4}.Release|Any CPU.Build.0 = Release|Any CPU
		{BC1F3093-EE73-4548-A5D6-9746D6E4D873}.Debug|Any CPU.ActiveCfg = Debug|Any CPU
		{BC1F3093-EE73-4548-A5D6-9746D6E4D873}.Debug|Any CPU.Build.0 = Debug|Any CPU
		{BC1F3093-EE73-4548-A5D6-9746D6E4D873}.Release|Any CPU.ActiveCfg = Release|Any CPU
		{BC1F3093-EE73-4548-A5D6-9746D6E4D873}.Release|Any CPU.Build.0 = Release|Any CPU
		{6700AE8F-4D55-4F2D-9E2E-0B3CF8DB5812}.Debug|Any CPU.ActiveCfg = Debug|Any CPU
		{6700AE8F-4D55-4F2D-9E2E-0B3CF8DB5812}.Debug|Any CPU.Build.0 = Debug|Any CPU
		{6700AE8F-4D55-4F2D-9E2E-0B3CF8DB5812}.Release|Any CPU.ActiveCfg = Release|Any CPU
		{6700AE8F-4D55-4F2D-9E2E-0B3CF8DB5812}.Release|Any CPU.Build.0 = Release|Any CPU
		{6C6A5BC6-F80A-4DE8-B671-29F315CE4722}.Debug|Any CPU.ActiveCfg = Debug|Any CPU
		{6C6A5BC6-F80A-4DE8-B671-29F315CE4722}.Debug|Any CPU.Build.0 = Debug|Any CPU
		{6C6A5BC6-F80A-4DE8-B671-29F315CE4722}.Release|Any CPU.ActiveCfg = Release|Any CPU
		{6C6A5BC6-F80A-4DE8-B671-29F315CE4722}.Release|Any CPU.Build.0 = Release|Any CPU
		{48539141-566F-4A23-B50B-8695D66754F6}.Debug|Any CPU.ActiveCfg = Debug|Any CPU
		{48539141-566F-4A23-B50B-8695D66754F6}.Debug|Any CPU.Build.0 = Debug|Any CPU
		{48539141-566F-4A23-B50B-8695D66754F6}.Release|Any CPU.ActiveCfg = Release|Any CPU
		{48539141-566F-4A23-B50B-8695D66754F6}.Release|Any CPU.Build.0 = Release|Any CPU
		{62EF7996-71F7-441E-9729-8A1DF016CF66}.Debug|Any CPU.ActiveCfg = Debug|Any CPU
		{62EF7996-71F7-441E-9729-8A1DF016CF66}.Debug|Any CPU.Build.0 = Debug|Any CPU
		{62EF7996-71F7-441E-9729-8A1DF016CF66}.Release|Any CPU.ActiveCfg = Release|Any CPU
		{62EF7996-71F7-441E-9729-8A1DF016CF66}.Release|Any CPU.Build.0 = Release|Any CPU
		{2C76AEFD-1587-4F3E-B799-201076C5AA65}.Debug|Any CPU.ActiveCfg = Debug|Any CPU
		{2C76AEFD-1587-4F3E-B799-201076C5AA65}.Debug|Any CPU.Build.0 = Debug|Any CPU
		{2C76AEFD-1587-4F3E-B799-201076C5AA65}.Release|Any CPU.ActiveCfg = Release|Any CPU
		{2C76AEFD-1587-4F3E-B799-201076C5AA65}.Release|Any CPU.Build.0 = Release|Any CPU
		{A9CD1607-C481-421A-BEB6-755F495F382C}.Debug|Any CPU.ActiveCfg = Debug|Any CPU
		{A9CD1607-C481-421A-BEB6-755F495F382C}.Debug|Any CPU.Build.0 = Debug|Any CPU
		{A9CD1607-C481-421A-BEB6-755F495F382C}.Release|Any CPU.ActiveCfg = Release|Any CPU
		{A9CD1607-C481-421A-BEB6-755F495F382C}.Release|Any CPU.Build.0 = Release|Any CPU
		{EED679AD-8ECF-4D5B-AB64-7BFAA5FD5930}.Debug|Any CPU.ActiveCfg = Debug|Any CPU
		{EED679AD-8ECF-4D5B-AB64-7BFAA5FD5930}.Debug|Any CPU.Build.0 = Debug|Any CPU
		{EED679AD-8ECF-4D5B-AB64-7BFAA5FD5930}.Release|Any CPU.ActiveCfg = Release|Any CPU
		{EED679AD-8ECF-4D5B-AB64-7BFAA5FD5930}.Release|Any CPU.Build.0 = Release|Any CPU
		{02F53CA9-1D12-4880-B6C5-E31FBE7C515A}.Debug|Any CPU.ActiveCfg = Debug|Any CPU
		{02F53CA9-1D12-4880-B6C5-E31FBE7C515A}.Debug|Any CPU.Build.0 = Debug|Any CPU
		{02F53CA9-1D12-4880-B6C5-E31FBE7C515A}.Release|Any CPU.ActiveCfg = Release|Any CPU
		{02F53CA9-1D12-4880-B6C5-E31FBE7C515A}.Release|Any CPU.Build.0 = Release|Any CPU
		{2FC1037F-C948-4471-8E48-F71FE82175E7}.Debug|Any CPU.ActiveCfg = Debug|Any CPU
		{2FC1037F-C948-4471-8E48-F71FE82175E7}.Debug|Any CPU.Build.0 = Debug|Any CPU
		{2FC1037F-C948-4471-8E48-F71FE82175E7}.Release|Any CPU.ActiveCfg = Release|Any CPU
		{2FC1037F-C948-4471-8E48-F71FE82175E7}.Release|Any CPU.Build.0 = Release|Any CPU
		{865B01EB-9094-4215-9925-F0A7A22C567E}.Debug|Any CPU.ActiveCfg = Debug|Any CPU
		{865B01EB-9094-4215-9925-F0A7A22C567E}.Debug|Any CPU.Build.0 = Debug|Any CPU
		{865B01EB-9094-4215-9925-F0A7A22C567E}.Release|Any CPU.ActiveCfg = Release|Any CPU
		{865B01EB-9094-4215-9925-F0A7A22C567E}.Release|Any CPU.Build.0 = Release|Any CPU
		{8CD32624-90E7-4630-ACA4-C98B297E03B6}.Debug|Any CPU.ActiveCfg = Debug|Any CPU
		{8CD32624-90E7-4630-ACA4-C98B297E03B6}.Debug|Any CPU.Build.0 = Debug|Any CPU
		{8CD32624-90E7-4630-ACA4-C98B297E03B6}.Release|Any CPU.ActiveCfg = Release|Any CPU
		{8CD32624-90E7-4630-ACA4-C98B297E03B6}.Release|Any CPU.Build.0 = Release|Any CPU
	EndGlobalSection
	GlobalSection(SolutionProperties) = preSolution
		HideSolutionNode = FALSE
	EndGlobalSection
	GlobalSection(NestedProjects) = preSolution
		{C7C2F3CF-0880-4F20-B0FB-2FC24480D9DB} = {FE62DE98-A35E-42CE-9335-CEB6214A3188}
		{BA8C05B0-0111-4E30-8DC5-E48DA03E1BC4} = {FE62DE98-A35E-42CE-9335-CEB6214A3188}
		{BC1F3093-EE73-4548-A5D6-9746D6E4D873} = {FE62DE98-A35E-42CE-9335-CEB6214A3188}
		{6700AE8F-4D55-4F2D-9E2E-0B3CF8DB5812} = {FE62DE98-A35E-42CE-9335-CEB6214A3188}
		{6C6A5BC6-F80A-4DE8-B671-29F315CE4722} = {FE62DE98-A35E-42CE-9335-CEB6214A3188}
		{48539141-566F-4A23-B50B-8695D66754F6} = {FE62DE98-A35E-42CE-9335-CEB6214A3188}
		{62EF7996-71F7-441E-9729-8A1DF016CF66} = {FE62DE98-A35E-42CE-9335-CEB6214A3188}
		{EED679AD-8ECF-4D5B-AB64-7BFAA5FD5930} = {FF9E9230-1BF9-45CB-AE9A-AAD5575B915B}
		{02F53CA9-1D12-4880-B6C5-E31FBE7C515A} = {FE62DE98-A35E-42CE-9335-CEB6214A3188}
		{2FC1037F-C948-4471-8E48-F71FE82175E7} = {FE62DE98-A35E-42CE-9335-CEB6214A3188}
		{865B01EB-9094-4215-9925-F0A7A22C567E} = {FE62DE98-A35E-42CE-9335-CEB6214A3188}
		{8CD32624-90E7-4630-ACA4-C98B297E03B6} = {FE62DE98-A35E-42CE-9335-CEB6214A3188}
	EndGlobalSection
	GlobalSection(ExtensibilityGlobals) = postSolution
		SolutionGuid = {5AC1433B-169B-4FF3-AF6C-E8984F2D22AF}
	EndGlobalSection
EndGlobal
